
Microsoft Visual Studio Solution File, Format Version 12.00
# Visual Studio 14
VisualStudioVersion = 14.0.25420.1
MinimumVisualStudioVersion = 10.0.40219.1
Project("{FAE04EC0-301F-11D3-BF4B-00C04F79EFBC}") = "HealthPlanner.Web", "HealthPlanner.Web\HealthPlanner.Web.csproj", "{5B003E8F-7A34-4A26-AFA5-A7CB81C33DAF}"
EndProject
Project("{FAE04EC0-301F-11D3-BF4B-00C04F79EFBC}") = "HealthPlanner.Web.Tests", "HealthPlanner.Web.Tests\HealthPlanner.Web.Tests.csproj", "{410BE18E-07F4-4FDD-B055-F7421BF39223}"
EndProject
Project("{FAE04EC0-301F-11D3-BF4B-00C04F79EFBC}") = "HealthPlanner.Data", "..\HealthPlanner.Data\HealthPlanner.Data\HealthPlanner.Data.csproj", "{5688C3E4-AF85-42FF-A05E-71DD7CB3BE00}"
EndProject
Global
	GlobalSection(SolutionConfigurationPlatforms) = preSolution
		Debug|Any CPU = Debug|Any CPU
		Release|Any CPU = Release|Any CPU
	EndGlobalSection
	GlobalSection(ProjectConfigurationPlatforms) = postSolution
		{5B003E8F-7A34-4A26-AFA5-A7CB81C33DAF}.Debug|Any CPU.ActiveCfg = Debug|Any CPU
		{5B003E8F-7A34-4A26-AFA5-A7CB81C33DAF}.Debug|Any CPU.Build.0 = Debug|Any CPU
		{5B003E8F-7A34-4A26-AFA5-A7CB81C33DAF}.Release|Any CPU.ActiveCfg = Release|Any CPU
		{5B003E8F-7A34-4A26-AFA5-A7CB81C33DAF}.Release|Any CPU.Build.0 = Release|Any CPU
		{410BE18E-07F4-4FDD-B055-F7421BF39223}.Debug|Any CPU.ActiveCfg = Debug|Any CPU
		{410BE18E-07F4-4FDD-B055-F7421BF39223}.Debug|Any CPU.Build.0 = Debug|Any CPU
		{410BE18E-07F4-4FDD-B055-F7421BF39223}.Release|Any CPU.ActiveCfg = Release|Any CPU
		{410BE18E-07F4-4FDD-B055-F7421BF39223}.Release|Any CPU.Build.0 = Release|Any CPU
		{5688C3E4-AF85-42FF-A05E-71DD7CB3BE00}.Debug|Any CPU.ActiveCfg = Debug|Any CPU
		{5688C3E4-AF85-42FF-A05E-71DD7CB3BE00}.Debug|Any CPU.Build.0 = Debug|Any CPU
		{5688C3E4-AF85-42FF-A05E-71DD7CB3BE00}.Release|Any CPU.ActiveCfg = Release|Any CPU
		{5688C3E4-AF85-42FF-A05E-71DD7CB3BE00}.Release|Any CPU.Build.0 = Release|Any CPU
	EndGlobalSection
	GlobalSection(SolutionProperties) = preSolution
		HideSolutionNode = FALSE
	EndGlobalSection
EndGlobal
